
Microsoft Visual Studio Solution File, Format Version 12.00
# Visual Studio Version 17
VisualStudioVersion = 17.7.34031.279
MinimumVisualStudioVersion = 10.0.40219.1
Project("{FAE04EC0-301F-11D3-BF4B-00C04F79EFBC}") = "CourseWork90", "CourseWork90.csproj", "{281BC97B-86B8-458E-B5DE-4EFAAB9DA007}"
EndProject
Global
	GlobalSection(SolutionConfigurationPlatforms) = preSolution
		Debug|Any CPU = Debug|Any CPU
		Release|Any CPU = Release|Any CPU
	EndGlobalSection
	GlobalSection(ProjectConfigurationPlatforms) = postSolution
		{281BC97B-86B8-458E-B5DE-4EFAAB9DA007}.Debug|Any CPU.ActiveCfg = Debug|Any CPU
		{281BC97B-86B8-458E-B5DE-4EFAAB9DA007}.Debug|Any CPU.Build.0 = Debug|Any CPU
		{281BC97B-86B8-458E-B5DE-4EFAAB9DA007}.Release|Any CPU.ActiveCfg = Release|Any CPU
		{281BC97B-86B8-458E-B5DE-4EFAAB9DA007}.Release|Any CPU.Build.0 = Release|Any CPU
	EndGlobalSection
	GlobalSection(SolutionProperties) = preSolution
		HideSolutionNode = FALSE
	EndGlobalSection
	GlobalSection(ExtensibilityGlobals) = postSolution
		SolutionGuid = {1BC89B86-BFF5-452A-9B70-93B1D52A5A7E}
	EndGlobalSection
EndGlobal
